
Microsoft Visual Studio Solution File, Format Version 12.00
# Visual Studio Version 17
VisualStudioVersion = 17.2.32630.192
MinimumVisualStudioVersion = 10.0.40219.1
Project("{FAE04EC0-301F-11D3-BF4B-00C04F79EFBC}") = "DropdownForNotification", "DropdownForNotification\DropdownForNotification.csproj", "{83EB3284-8E46-4660-9BBD-AE3304062937}"
EndProject
Global
	GlobalSection(SolutionConfigurationPlatforms) = preSolution
		Debug|Any CPU = Debug|Any CPU
		Release|Any CPU = Release|Any CPU
	EndGlobalSection
	GlobalSection(ProjectConfigurationPlatforms) = postSolution
		{83EB3284-8E46-4660-9BBD-AE3304062937}.Debug|Any CPU.ActiveCfg = Debug|Any CPU
		{83EB3284-8E46-4660-9BBD-AE3304062937}.Debug|Any CPU.Build.0 = Debug|Any CPU
		{83EB3284-8E46-4660-9BBD-AE3304062937}.Release|Any CPU.ActiveCfg = Release|Any CPU
		{83EB3284-8E46-4660-9BBD-AE3304062937}.Release|Any CPU.Build.0 = Release|Any CPU
	EndGlobalSection
	GlobalSection(SolutionProperties) = preSolution
		HideSolutionNode = FALSE
	EndGlobalSection
	GlobalSection(ExtensibilityGlobals) = postSolution
		SolutionGuid = {9A0A2484-471F-419D-8C07-2EEEA49010F8}
	EndGlobalSection
EndGlobal
